
Microsoft Visual Studio Solution File, Format Version 12.00
# Visual Studio 2012
Project("{FAE04EC0-301F-11D3-BF4B-00C04F79EFBC}") = "Emlak_Takip_Programi", "Emlak_Takip_Programi\Emlak_Takip_Programi.csproj", "{F73F577C-D291-454D-848D-83CA08BB70CF}"
EndProject
Global
	GlobalSection(SolutionConfigurationPlatforms) = preSolution
		Debug|Any CPU = Debug|Any CPU
		Release|Any CPU = Release|Any CPU
	EndGlobalSection
	GlobalSection(ProjectConfigurationPlatforms) = postSolution
		{F73F577C-D291-454D-848D-83CA08BB70CF}.Debug|Any CPU.ActiveCfg = Debug|Any CPU
		{F73F577C-D291-454D-848D-83CA08BB70CF}.Debug|Any CPU.Build.0 = Debug|Any CPU
		{F73F577C-D291-454D-848D-83CA08BB70CF}.Release|Any CPU.ActiveCfg = Release|Any CPU
		{F73F577C-D291-454D-848D-83CA08BB70CF}.Release|Any CPU.Build.0 = Release|Any CPU
	EndGlobalSection
	GlobalSection(SolutionProperties) = preSolution
		HideSolutionNode = FALSE
	EndGlobalSection
EndGlobal
